Microsoft Visual Studio Solution File, Format Version 12.00
# Visual Studio Version 17
VisualStudioVersion = 17.5.2.0
MinimumVisualStudioVersion = 10.0.40219.1
Project("{FAE04EC0-301F-11D3-BF4B-00C04F79EFBC}") = "journalstart", "journalstart.csproj", "{6A3AA0CF-9FB4-AE37-6589-E7B9C0B7525A}"
EndProject
Global
	GlobalSection(SolutionConfigurationPlatforms) = preSolution
		Debug|Any CPU = Debug|Any CPU
		Release|Any CPU = Release|Any CPU
	EndGlobalSection
	GlobalSection(ProjectConfigurationPlatforms) = postSolution
		{6A3AA0CF-9FB4-AE37-6589-E7B9C0B7525A}.Debug|Any CPU.ActiveCfg = Debug|Any CPU
		{6A3AA0CF-9FB4-AE37-6589-E7B9C0B7525A}.Debug|Any CPU.Build.0 = Debug|Any CPU
		{6A3AA0CF-9FB4-AE37-6589-E7B9C0B7525A}.Release|Any CPU.ActiveCfg = Release|Any CPU
		{6A3AA0CF-9FB4-AE37-6589-E7B9C0B7525A}.Release|Any CPU.Build.0 = Release|Any CPU
	EndGlobalSection
	GlobalSection(SolutionProperties) = preSolution
		HideSolutionNode = FALSE
	EndGlobalSection
	GlobalSection(ExtensibilityGlobals) = postSolution
		SolutionGuid = {11D9F8B9-9252-4D28-B5A6-4042D3C91355}
	EndGlobalSection
EndGlobal
